{
  "requires": true,
  "lockfileVersion": 1,
  "dependencies": {
    "@babel/runtime": {
      "version": "7.12.5",
      "resolved": "https://registry.npmjs.org/@babel/runtime/-/runtime-7.12.5.tgz",
      "integrity": "sha512-plcc+hbExy3McchJCEQG3knOsuh3HH+Prx1P6cLIkET/0dLuQDEnrT+s27Axgc9bqfsmNUNHfscgMUdBpC9xfg==",
      "requires": {
        "regenerator-runtime": "^0.13.4"
      }
    },
    "antd-img-crop": {
      "version": "3.13.2",
      "resolved": "https://registry.npmjs.org/antd-img-crop/-/antd-img-crop-3.13.2.tgz",
      "integrity": "sha512-UNCyD9KbnKFx4Lhl+eehlYIwdo8k74P4K0VWrgKTjuLr2tuWXM+UIK+L8MwUadSRfuHiSL+bWrtFaXjqYZK/CA==",
      "requires": {
        "@babel/runtime": "^7.12.1",
        "react-easy-crop": "^3.3.0"
      }
    },
    "normalize-wheel": {
      "version": "1.0.1",
      "resolved": "https://registry.npmjs.org/normalize-wheel/-/normalize-wheel-1.0.1.tgz",
      "integrity": "sha1-rsiGr/2wRQcNhWRH32Ls+GFG7EU="
    },
    "react-easy-crop": {
      "version": "3.3.1",
      "resolved": "https://registry.npmjs.org/react-easy-crop/-/react-easy-crop-3.3.1.tgz",
      "integrity": "sha512-fM249ldk9OBONAgkskWVU3sLLP/hkjqmjY0Ah8V9CNlK2aiasNuHJw6vYCtaESR7CrEP3+XvfG1oO3y5hP6CuQ==",
      "requires": {
        "normalize-wheel": "^1.0.1",
        "tslib": "2.0.1"
      }
    },
    "regenerator-runtime": {
      "version": "0.13.7",
      "resolved": "https://registry.npmjs.org/regenerator-runtime/-/regenerator-runtime-0.13.7.tgz",
      "integrity": "sha512-a54FxoJDIr27pgf7IgeQGxmqUNYrcV338lf/6gH456HZ/PhX+5BcwHXG9ajESmwe6WRO0tAzRUrRmNONWgkrew=="
    },
    "tslib": {
      "version": "2.0.1",
      "resolved": "https://registry.npmjs.org/tslib/-/tslib-2.0.1.tgz",
      "integrity": "sha512-SgIkNheinmEBgx1IUNirK0TUD4X9yjjBRTqqjggWCU3pUEqIk3/Uwl3yRixYKT6WjQuGiwDv4NomL3wqRCj+CQ=="
    }
  }
}
